
Microsoft Visual Studio Solution File, Format Version 12.00
# Visual Studio Version 17
VisualStudioVersion = 17.0.31612.314
MinimumVisualStudioVersion = 10.0.40219.1
Project("{9A19103F-16F7-4668-BE54-9A1E7A4F7556}") = "RainWorldPlugin", "src\RainWorldPlugin.csproj", "{69BF24B2-B741-4944-99C2-7DA0A7625C5E}"
EndProject
Global
	GlobalSection(SolutionConfigurationPlatforms) = preSolution
		Debug|Any CPU = Debug|Any CPU
		Release|Any CPU = Release|Any CPU
	EndGlobalSection
	GlobalSection(ProjectConfigurationPlatforms) = postSolution
		{69BF24B2-B741-4944-99C2-7DA0A7625C5E}.Debug|Any CPU.ActiveCfg = Debug|Any CPU
		{69BF24B2-B741-4944-99C2-7DA0A7625C5E}.Debug|Any CPU.Build.0 = Debug|Any CPU
		{69BF24B2-B741-4944-99C2-7DA0A7625C5E}.Release|Any CPU.ActiveCfg = Release|Any CPU
		{69BF24B2-B741-4944-99C2-7DA0A7625C5E}.Release|Any CPU.Build.0 = Release|Any CPU
	EndGlobalSection
	GlobalSection(SolutionProperties) = preSolution
		HideSolutionNode = FALSE
	EndGlobalSection
	GlobalSection(ExtensibilityGlobals) = postSolution
		SolutionGuid = {72AC92A1-0B7C-4A76-8A0F-15561D2F8232}
	EndGlobalSection
EndGlobal
